
Microsoft Visual Studio Solution File, Format Version 12.00
# Visual Studio Version 17
VisualStudioVersion = 17.14.36603.0 d17.14
MinimumVisualStudioVersion = 10.0.40219.1
Project("{FAE04EC0-301F-11D3-BF4B-00C04F79EFBC}") = "Loops", "Loops.csproj", "{5866834A-F95D-40EC-89BE-CD3A7D97501B}"
EndProject
Global
	GlobalSection(SolutionConfigurationPlatforms) = preSolution
		Debug|Any CPU = Debug|Any CPU
		Release|Any CPU = Release|Any CPU
	EndGlobalSection
	GlobalSection(ProjectConfigurationPlatforms) = postSolution
		{5866834A-F95D-40EC-89BE-CD3A7D97501B}.Debug|Any CPU.ActiveCfg = Debug|Any CPU
		{5866834A-F95D-40EC-89BE-CD3A7D97501B}.Debug|Any CPU.Build.0 = Debug|Any CPU
		{5866834A-F95D-40EC-89BE-CD3A7D97501B}.Release|Any CPU.ActiveCfg = Release|Any CPU
		{5866834A-F95D-40EC-89BE-CD3A7D97501B}.Release|Any CPU.Build.0 = Release|Any CPU
	EndGlobalSection
	GlobalSection(SolutionProperties) = preSolution
		HideSolutionNode = FALSE
	EndGlobalSection
	GlobalSection(ExtensibilityGlobals) = postSolution
		SolutionGuid = {B392EAEB-17E4-4BFF-9D83-1F01504638E5}
	EndGlobalSection
EndGlobal
